
Microsoft Visual Studio Solution File, Format Version 12.00
# Visual Studio Version 16
VisualStudioVersion = 16.0.30907.101
MinimumVisualStudioVersion = 10.0.40219.1
Project("{8BC9CEB8-8B4A-11D0-8D11-00A0C91BC942}") = "main", "Main.vcxproj", "{FC77A229-DCE4-4BBA-B17A-0CDBD9E2C507}"
EndProject
Global
	GlobalSection(SolutionConfigurationPlatforms) = preSolution
		Debug|Win32 = Debug|Win32
		Debug|x64 = Debug|x64
		Debug|x86 = Debug|x86
		Release|Win32 = Release|Win32
		Release|x64 = Release|x64
		Release|x86 = Release|x86
	EndGlobalSection
	GlobalSection(ProjectConfigurationPlatforms) = postSolution
		{FC77A229-DCE4-4BBA-B17A-0CDBD9E2C507}.Debug|Win32.ActiveCfg = Debug|Win32
		{FC77A229-DCE4-4BBA-B17A-0CDBD9E2C507}.Debug|Win32.Build.0 = Debug|Win32
		{FC77A229-DCE4-4BBA-B17A-0CDBD9E2C507}.Debug|x64.ActiveCfg = Debug|x64
		{FC77A229-DCE4-4BBA-B17A-0CDBD9E2C507}.Debug|x64.Build.0 = Debug|x64
		{FC77A229-DCE4-4BBA-B17A-0CDBD9E2C507}.Debug|x86.ActiveCfg = Debug|Win32
		{FC77A229-DCE4-4BBA-B17A-0CDBD9E2C507}.Debug|x86.Build.0 = Debug|Win32
		{FC77A229-DCE4-4BBA-B17A-0CDBD9E2C507}.Release|Win32.ActiveCfg = Release|Win32
		{FC77A229-DCE4-4BBA-B17A-0CDBD9E2C507}.Release|Win32.Build.0 = Release|Win32
		{FC77A229-DCE4-4BBA-B17A-0CDBD9E2C507}.Release|x64.ActiveCfg = Release|x64
		{FC77A229-DCE4-4BBA-B17A-0CDBD9E2C507}.Release|x64.Build.0 = Release|x64
		{FC77A229-DCE4-4BBA-B17A-0CDBD9E2C507}.Release|x86.ActiveCfg = Release|Win32
		{FC77A229-DCE4-4BBA-B17A-0CDBD9E2C507}.Release|x86.Build.0 = Release|Win32
	EndGlobalSection
	GlobalSection(SolutionProperties) = preSolution
		HideSolutionNode = FALSE
	EndGlobalSection
	GlobalSection(ExtensibilityGlobals) = postSolution
		SolutionGuid = {8C09FB6E-FA92-4F8F-82BC-3D1F878F3CE1}
	EndGlobalSection
EndGlobal
