<?xml version="1.0" encoding="utf-8"?>
<Project ToolsVersion="4.0" xmlns="http://schemas.microsoft.com/developer/msbuild/2003">
  <ItemGroup>
    <ClInclude Include="cloth\cloth_settings.cuh">
      <Filter>Cloth</Filter>
    </ClInclude>
    <ClInclude Include="cloth\SIM_mass_spring.cuh">
      <Filter>SIM</Filter>
    </ClInclude>
    <ClInclude Include="hair\hair_settings.cuh">
      <Filter>Hair</Filter>
    </ClInclude>
    <ClInclude Include="main.cuh">
      <Filter>Main</Filter>
    </ClInclude>
    <ClInclude Include="collision\collision.cuh">
      <Filter>Collision</Filter>
    </ClInclude>
    <ClInclude Include="DNA\DNA_meshdata_types.cuh" />
    <ClInclude Include="softBody\soft_body_settings.cuh">
      <Filter>Soft Body</Filter>
    </ClInclude>
  </ItemGroup>
  <ItemGroup>
    <CudaCompile Include="cloth\SIM_mass_spring.cu">
      <Filter>SIM</Filter>
    </CudaCompile>
    <CudaCompile Include="main.cu">
      <Filter>Main</Filter>
    </CudaCompile>
    <CudaCompile Include="collision\collision.cu">
      <Filter>Collision</Filter>
    </CudaCompile>
  </ItemGroup>
  <ItemGroup>
    <Filter Include="Cloth">
      <UniqueIdentifier>{baae2dca-5288-43e5-8c00-87c2f5fa9973}</UniqueIdentifier>
    </Filter>
    <Filter Include="Main">
      <UniqueIdentifier>{4fad2043-ecdc-4d57-ad97-f51808930b17}</UniqueIdentifier>
    </Filter>
    <Filter Include="SIM">
      <UniqueIdentifier>{aeb4172d-149b-44a9-a8dc-febce10b96f8}</UniqueIdentifier>
    </Filter>
    <Filter Include="Hair">
      <UniqueIdentifier>{2db576a9-c524-4147-8dea-f8b082b0d113}</UniqueIdentifier>
    </Filter>
    <Filter Include="Soft Body">
      <UniqueIdentifier>{af9be36c-4ac8-409c-a2ad-cb966b85b758}</UniqueIdentifier>
    </Filter>
    <Filter Include="Collision">
      <UniqueIdentifier>{a9628ba2-919a-41b2-8ef6-7f7d73006f13}</UniqueIdentifier>
    </Filter>
  </ItemGroup>
</Project>